
Microsoft Visual Studio Solution File, Format Version 12.00
# Visual Studio Version 17
VisualStudioVersion = 17.5.33414.496
MinimumVisualStudioVersion = 10.0.40219.1
Project("{FAE04EC0-301F-11D3-BF4B-00C04F79EFBC}") = "PI_03", "PI_03\PI_03.csproj", "{54295695-D7AF-4AE7-9B23-D6682E701A64}"
EndProject
Project("{2150E333-8FDC-42A3-9474-1A3956D46DE8}") = "Itens de Solução", "Itens de Solução", "{B9CFC127-4966-40C2-8C6B-4A9B0BF196D1}"
EndProject
Global
	GlobalSection(SolutionConfigurationPlatforms) = preSolution
		Debug|Any CPU = Debug|Any CPU
		Release|Any CPU = Release|Any CPU
	EndGlobalSection
	GlobalSection(ProjectConfigurationPlatforms) = postSolution
		{54295695-D7AF-4AE7-9B23-D6682E701A64}.Debug|Any CPU.ActiveCfg = Debug|Any CPU
		{54295695-D7AF-4AE7-9B23-D6682E701A64}.Debug|Any CPU.Build.0 = Debug|Any CPU
		{54295695-D7AF-4AE7-9B23-D6682E701A64}.Release|Any CPU.ActiveCfg = Release|Any CPU
		{54295695-D7AF-4AE7-9B23-D6682E701A64}.Release|Any CPU.Build.0 = Release|Any CPU
	EndGlobalSection
	GlobalSection(SolutionProperties) = preSolution
		HideSolutionNode = FALSE
	EndGlobalSection
	GlobalSection(ExtensibilityGlobals) = postSolution
		SolutionGuid = {C8AEAA8D-B3E7-4510-A90F-C2AD0AA92B44}
	EndGlobalSection
EndGlobal
